
Microsoft Visual Studio Solution File, Format Version 12.00
# Visual Studio Version 17
VisualStudioVersion = 17.3.32901.215
MinimumVisualStudioVersion = 10.0.40219.1
Project("{9A19103F-16F7-4668-BE54-9A1E7A4F7556}") = "TelegramBotAPI", "TelegramBotAPI.csproj", "{6ED7C454-F5A2-48B9-8050-079724DF3459}"
EndProject
Project("{FAE04EC0-301F-11D3-BF4B-00C04F79EFBC}") = "ActualBot", "..\ActualBot\ActualBot.csproj", "{2BFC4D24-2E90-4D89-B352-897F2F31495D}"
EndProject
Global
	GlobalSection(SolutionConfigurationPlatforms) = preSolution
		Debug|Any CPU = Debug|Any CPU
		Release|Any CPU = Release|Any CPU
	EndGlobalSection
	GlobalSection(ProjectConfigurationPlatforms) = postSolution
		{6ED7C454-F5A2-48B9-8050-079724DF3459}.Debug|Any CPU.ActiveCfg = Debug|Any CPU
		{6ED7C454-F5A2-48B9-8050-079724DF3459}.Debug|Any CPU.Build.0 = Debug|Any CPU
		{6ED7C454-F5A2-48B9-8050-079724DF3459}.Release|Any CPU.ActiveCfg = Release|Any CPU
		{6ED7C454-F5A2-48B9-8050-079724DF3459}.Release|Any CPU.Build.0 = Release|Any CPU
		{2BFC4D24-2E90-4D89-B352-897F2F31495D}.Debug|Any CPU.ActiveCfg = Debug|Any CPU
		{2BFC4D24-2E90-4D89-B352-897F2F31495D}.Debug|Any CPU.Build.0 = Debug|Any CPU
		{2BFC4D24-2E90-4D89-B352-897F2F31495D}.Release|Any CPU.ActiveCfg = Release|Any CPU
		{2BFC4D24-2E90-4D89-B352-897F2F31495D}.Release|Any CPU.Build.0 = Release|Any CPU
	EndGlobalSection
	GlobalSection(SolutionProperties) = preSolution
		HideSolutionNode = FALSE
	EndGlobalSection
	GlobalSection(ExtensibilityGlobals) = postSolution
		SolutionGuid = {8CCCE83B-8C6F-4A9C-95B5-CCBDE2B09627}
	EndGlobalSection
EndGlobal
